Microsoft Visual Studio Solution File, Format Version 8.00
Project("{FAE04EC0-301F-11D3-BF4B-00C04F79EFBC}") = "NPlot", "NPlot.csproj", "{E6867FF5-74EC-4464-8958-D71CB46232F3}"
	ProjectSection(ProjectDependencies) = postProject
	EndProjectSection
EndProject
Project("{FAE04EC0-301F-11D3-BF4B-00C04F79EFBC}") = "NPlotDemo", "..\demos\cs\NPlotDemo.csproj", "{7427C7A7-6CB0-4CB3-A0DB-F11603C5C29A}"
	ProjectSection(ProjectDependencies) = postProject
		{E6867FF5-74EC-4464-8958-D71CB46232F3} = {E6867FF5-74EC-4464-8958-D71CB46232F3}
	EndProjectSection
EndProject
Global
	GlobalSection(SolutionConfiguration) = preSolution
		Debug = Debug
		Release = Release
	EndGlobalSection
	GlobalSection(ProjectConfiguration) = postSolution
		{E6867FF5-74EC-4464-8958-D71CB46232F3}.Debug.ActiveCfg = Debug|.NET
		{E6867FF5-74EC-4464-8958-D71CB46232F3}.Debug.Build.0 = Debug|.NET
		{E6867FF5-74EC-4464-8958-D71CB46232F3}.Release.ActiveCfg = Release|.NET
		{E6867FF5-74EC-4464-8958-D71CB46232F3}.Release.Build.0 = Release|.NET
		{7427C7A7-6CB0-4CB3-A0DB-F11603C5C29A}.Debug.ActiveCfg = Debug|.NET
		{7427C7A7-6CB0-4CB3-A0DB-F11603C5C29A}.Debug.Build.0 = Debug|.NET
		{7427C7A7-6CB0-4CB3-A0DB-F11603C5C29A}.Release.ActiveCfg = Release|.NET
		{7427C7A7-6CB0-4CB3-A0DB-F11603C5C29A}.Release.Build.0 = Release|.NET
	EndGlobalSection
	GlobalSection(ExtensibilityGlobals) = postSolution
	EndGlobalSection
	GlobalSection(ExtensibilityAddIns) = postSolution
	EndGlobalSection
EndGlobal
